// !$*UTF8*$!
{
	archiveVersion = 1;
	classes = {
	};
	objectVersion = 56;
	objects = {

/* Begin PBXBuildFile section */
		383CC9C128FE5A1B0076C29B /* ViewControllerTetra2.swift in Sources */ = {isa = PBXBuildFile; fileRef = 383CC9C028FE5A1B0076C29B /* ViewControllerTetra2.swift */; };
		3840724D28FDD4020062EFDB /* AppDelegate.swift in Sources */ = {isa = PBXBuildFile; fileRef = 3840724C28FDD4020062EFDB /* AppDelegate.swift */; };
		3840724F28FDD4020062EFDB /* SceneDelegate.swift in Sources */ = {isa = PBXBuildFile; fileRef = 3840724E28FDD4020062EFDB /* SceneDelegate.swift */; };
		3840725128FDD4020062EFDB /* ViewController.swift in Sources */ = {isa = PBXBuildFile; fileRef = 3840725028FDD4020062EFDB /* ViewController.swift */; };
		3840725428FDD4020062EFDB /* Main.storyboard in Resources */ = {isa = PBXBuildFile; fileRef = 3840725228FDD4020062EFDB /* Main.storyboard */; };
		3840725628FDD4040062EFDB /* Assets.xcassets in Resources */ = {isa = PBXBuildFile; fileRef = 3840725528FDD4040062EFDB /* Assets.xcassets */; };
		3840725928FDD4040062EFDB /* LaunchScreen.storyboard in Resources */ = {isa = PBXBuildFile; fileRef = 3840725728FDD4040062EFDB /* LaunchScreen.storyboard */; };
		3840726328FDE7FA0062EFDB /* ViewControllerCorreo.swift in Sources */ = {isa = PBXBuildFile; fileRef = 3840726228FDE7FA0062EFDB /* ViewControllerCorreo.swift */; };
		3840726528FDE85E0062EFDB /* ViewControllerContra.swift in Sources */ = {isa = PBXBuildFile; fileRef = 3840726428FDE85E0062EFDB /* ViewControllerContra.swift */; };
		3854B65B28FE620C00056461 /* ViewControllerInscripción.swift in Sources */ = {isa = PBXBuildFile; fileRef = 3854B65A28FE620C00056461 /* ViewControllerInscripción.swift */; };
/* End PBXBuildFile section */

/* Begin PBXFileReference section */
		383CC9C028FE5A1B0076C29B /* ViewControllerTetra2.swift */ = {isa = PBXFileReference; lastKnownFileType = sourcecode.swift; path = ViewControllerTetra2.swift; sourceTree = "<group>"; };
		3840724928FDD4020062EFDB /* appProyecto.app */ = {isa = PBXFileReference; explicitFileType = wrapper.application; includeInIndex = 0; path = appProyecto.app; sourceTree = BUILT_PRODUCTS_DIR; };
		3840724C28FDD4020062EFDB /* AppDelegate.swift */ = {isa = PBXFileReference; lastKnownFileType = sourcecode.swift; path = AppDelegate.swift; sourceTree = "<group>"; };
		3840724E28FDD4020062EFDB /* SceneDelegate.swift */ = {isa = PBXFileReference; lastKnownFileType = sourcecode.swift; path = SceneDelegate.swift; sourceTree = "<group>"; };
		3840725028FDD4020062EFDB /* ViewController.swift */ = {isa = PBXFileReference; lastKnownFileType = sourcecode.swift; path = ViewController.swift; sourceTree = "<group>"; };
		3840725328FDD4020062EFDB /* Base */ = {isa = PBXFileReference; lastKnownFileType = file.storyboard; name = Base; path = Base.lproj/Main.storyboard; sourceTree = "<group>"; };
		3840725528FDD4040062EFDB /* Assets.xcassets */ = {isa = PBXFileReference; lastKnownFileType = folder.assetcatalog; path = Assets.xcassets; sourceTree = "<group>"; };
		3840725828FDD4040062EFDB /* Base */ = {isa = PBXFileReference; lastKnownFileType = file.storyboard; name = Base; path = Base.lproj/LaunchScreen.storyboard; sourceTree = "<group>"; };
		3840725A28FDD4040062EFDB /* Info.plist */ = {isa = PBXFileReference; lastKnownFileType = text.plist.xml; path = Info.plist; sourceTree = "<group>"; };
		3840726228FDE7FA0062EFDB /* ViewControllerCorreo.swift */ = {isa = PBXFileReference; lastKnownFileType = sourcecode.swift; path = ViewControllerCorreo.swift; sourceTree = "<group>"; };
		3840726428FDE85E0062EFDB /* ViewControllerContra.swift */ = {isa = PBXFileReference; lastKnownFileType = sourcecode.swift; path = ViewControllerContra.swift; sourceTree = "<group>"; };
		3854B65A28FE620C00056461 /* ViewControllerInscripción.swift */ = {isa = PBXFileReference; lastKnownFileType = sourcecode.swift; path = "ViewControllerInscripción.swift"; sourceTree = "<group>"; };
/* End PBXFileReference section */

/* Begin PBXFrameworksBuildPhase section */
		3840724628FDD4020062EFDB /* Frameworks */ = {
			isa = PBXFrameworksBuildPhase;
			buildActionMask = 2147483647;
			files = (
			);
			runOnlyForDeploymentPostprocessing = 0;
		};
/* End PBXFrameworksBuildPhase section */

/* Begin PBXGroup section */
		3840724028FDD4020062EFDB = {
			isa = PBXGroup;
			children = (
				3840724B28FDD4020062EFDB /* appProyecto */,
				3840724A28FDD4020062EFDB /* Products */,
			);
			sourceTree = "<group>";
		};
		3840724A28FDD4020062EFDB /* Products */ = {
			isa = PBXGroup;
			children = (
				3840724928FDD4020062EFDB /* appProyecto.app */,
			);
			name = Products;
			sourceTree = "<group>";
		};
		3840724B28FDD4020062EFDB /* appProyecto */ = {
			isa = PBXGroup;
			children = (
				3840724C28FDD4020062EFDB /* AppDelegate.swift */,
				3840724E28FDD4020062EFDB /* SceneDelegate.swift */,
				3840725028FDD4020062EFDB /* ViewController.swift */,
				3840725228FDD4020062EFDB /* Main.storyboard */,
				3854B65A28FE620C00056461 /* ViewControllerInscripción.swift */,
				383CC9C028FE5A1B0076C29B /* ViewControllerTetra2.swift */,
				3840726428FDE85E0062EFDB /* ViewControllerContra.swift */,
				3840726228FDE7FA0062EFDB /* ViewControllerCorreo.swift */,
				3840725528FDD4040062EFDB /* Assets.xcassets */,
				3840725728FDD4040062EFDB /* LaunchScreen.storyboard */,
				3840725A28FDD4040062EFDB /* Info.plist */,
			);
			path = appProyecto;
			sourceTree = "<group>";
		};
/* End PBXGroup section */

/* Begin PBXNativeTarget section */
		3840724828FDD4020062EFDB /* appProyecto */ = {
			isa = PBXNativeTarget;
			buildConfigurationList = 3840725D28FDD4040062EFDB /* Build configuration list for PBXNativeTarget "appProyecto" */;
			buildPhases = (
				3840724528FDD4020062EFDB /* Sources */,
				3840724628FDD4020062EFDB /* Frameworks */,
				3840724728FDD4020062EFDB /* Resources */,
			);
			buildRules = (
			);
			dependencies = (
			);
			name = appProyecto;
			productName = appProyecto;
			productReference = 3840724928FDD4020062EFDB /* appProyecto.app */;
			productType = "com.apple.product-type.application";
		};
/* End PBXNativeTarget section */

/* Begin PBXProject section */
		3840724128FDD4020062EFDB /* Project object */ = {
			isa = PBXProject;
			attributes = {
				BuildIndependentTargetsInParallel = 1;
				LastSwiftUpdateCheck = 1400;
				LastUpgradeCheck = 1400;
				TargetAttributes = {
					3840724828FDD4020062EFDB = {
						CreatedOnToolsVersion = 14.0.1;
					};
				};
			};
			buildConfigurationList = 3840724428FDD4020062EFDB /* Build configuration list for PBXProject "appProyecto" */;
			compatibilityVersion = "Xcode 14.0";
			developmentRegion = en;
			hasScannedForEncodings = 0;
			knownRegions = (
				en,
				Base,
			);
			mainGroup = 3840724028FDD4020062EFDB;
			productRefGroup = 3840724A28FDD4020062EFDB /* Products */;
			projectDirPath = "";
			projectRoot = "";
			targets = (
				3840724828FDD4020062EFDB /* appProyecto */,
			);
		};
/* End PBXProject section */

/* Begin PBXResourcesBuildPhase section */
		3840724728FDD4020062EFDB /* Resources */ = {
			isa = PBXResourcesBuildPhase;
			buildActionMask = 2147483647;
			files = (
				3840725928FDD4040062EFDB /* LaunchScreen.storyboard in Resources */,
				3840725628FDD4040062EFDB /* Assets.xcassets in Resources */,
				3840725428FDD4020062EFDB /* Main.storyboard in Resources */,
			);
			runOnlyForDeploymentPostprocessing = 0;
		};
/* End PBXResourcesBuildPhase section */

/* Begin PBXSourcesBuildPhase section */
		3840724528FDD4020062EFDB /* Sources */ = {
			isa = PBXSourcesBuildPhase;
			buildActionMask = 2147483647;
			files = (
				3854B65B28FE620C00056461 /* ViewControllerInscripción.swift in Sources */,
				3840726528FDE85E0062EFDB /* ViewControllerContra.swift in Sources */,
				3840725128FDD4020062EFDB /* ViewController.swift in Sources */,
				3840724D28FDD4020062EFDB /* AppDelegate.swift in Sources */,
				3840726328FDE7FA0062EFDB /* ViewControllerCorreo.swift in Sources */,
				383CC9C128FE5A1B0076C29B /* ViewControllerTetra2.swift in Sources */,
				3840724F28FDD4020062EFDB /* SceneDelegate.swift in Sources */,
			);
			runOnlyForDeploymentPostprocessing = 0;
		};
/* End PBXSourcesBuildPhase section */

/* Begin PBXVariantGroup section */
		3840725228FDD4020062EFDB /* Main.storyboard */ = {
			isa = PBXVariantGroup;
			children = (
				3840725328FDD4020062EFDB /* Base */,
			);
			name = Main.storyboard;
			sourceTree = "<group>";
		};
		3840725728FDD4040062EFDB /* LaunchScreen.storyboard */ = {
			isa = PBXVariantGroup;
			children = (
				3840725828FDD4040062EFDB /* Base */,
			);
			name = LaunchScreen.storyboard;
			sourceTree = "<group>";
		};
/* End PBXVariantGroup section */

/* Begin XCBuildConfiguration section */
		3840725B28FDD4040062EFDB /* Debug */ = {
			isa = XCBuildConfiguration;
			buildSettings = {
				ALWAYS_SEARCH_USER_PATHS = NO;
				CLANG_ANALYZER_NONNULL = YES;
				CLANG_ANALYZER_NUMBER_OBJECT_CONVERSION = YES_AGGRESSIVE;
				CLANG_CXX_LANGUAGE_STANDARD = "gnu++20";
				CLANG_ENABLE_MODULES = YES;
				CLANG_ENABLE_OBJC_ARC = YES;
				CLANG_ENABLE_OBJC_WEAK = YES;
				CLANG_WARN_BLOCK_CAPTURE_AUTORELEASING = YES;
				CLANG_WARN_BOOL_CONVERSION = YES;
				CLANG_WARN_COMMA = YES;
				CLANG_WARN_CONSTANT_CONVERSION = YES;
				CLANG_WARN_DEPRECATED_OBJC_IMPLEMENTATIONS = YES;
				CLANG_WARN_DIRECT_OBJC_ISA_USAGE = YES_ERROR;
				CLANG_WARN_DOCUMENTATION_COMMENTS = YES;
				CLANG_WARN_EMPTY_BODY = YES;
				CLANG_WARN_ENUM_CONVERSION = YES;
				CLANG_WARN_INFINITE_RECURSION = YES;
				CLANG_WARN_INT_CONVERSION = YES;
				CLANG_WARN_NON_LITERAL_NULL_CONVERSION = YES;
				CLANG_WARN_OBJC_IMPLICIT_RETAIN_SELF = YES;
				CLANG_WARN_OBJC_LITERAL_CONVERSION = YES;
				CLANG_WARN_OBJC_ROOT_CLASS = YES_ERROR;
				CLANG_WARN_QUOTED_INCLUDE_IN_FRAMEWORK_HEADER = YES;
				CLANG_WARN_RANGE_LOOP_ANALYSIS = YES;
				CLANG_WARN_STRICT_PROTOTYPES = YES;
				CLANG_WARN_SUSPICIOUS_MOVE = YES;
				CLANG_WARN_UNGUARDED_AVAILABILITY = YES_AGGRESSIVE;
				CLANG_WARN_UNREACHABLE_CODE = YES;
				CLANG_WARN__DUPLICATE_METHOD_MATCH = YES;
				COPY_PHASE_STRIP = NO;
				DEBUG_INFORMATION_FORMAT = dwarf;
				ENABLE_STRICT_OBJC_MSGSEND = YES;
				ENABLE_TESTABILITY = YES;
				GCC_C_LANGUAGE_STANDARD = gnu11;
				GCC_DYNAMIC_NO_PIC = NO;
				GCC_NO_COMMON_BLOCKS = YES;
				GCC_OPTIMIZATION_LEVEL = 0;
				GCC_PREPROCESSOR_DEFINITIONS = (
					"DEBUG=1",
					"$(inherited)",
				);
				GCC_WARN_64_TO_32_BIT_CONVERSION = YES;
				GCC_WARN_ABOUT_RETURN_TYPE = YES_ERROR;
				GCC_WARN_UNDECLARED_SELECTOR = YES;
				GCC_WARN_UNINITIALIZED_AUTOS = YES_AGGRESSIVE;
				GCC_WARN_UNUSED_FUNCTION = YES;
				GCC_WARN_UNUSED_VARIABLE = YES;
				IPHONEOS_DEPLOYMENT_TARGET = 16.0;
				MTL_ENABLE_DEBUG_INFO = INCLUDE_SOURCE;
				MTL_FAST_MATH = YES;
				ONLY_ACTIVE_ARCH = YES;
				SDKROOT = iphoneos;
				SWIFT_ACTIVE_COMPILATION_CONDITIONS = DEBUG;
				SWIFT_OPTIMIZATION_LEVEL = "-Onone";
			};
			name = Debug;
		};
		3840725C28FDD4040062EFDB /* Release */ = {
			isa = XCBuildConfiguration;
			buildSettings = {
				ALWAYS_SEARCH_USER_PATHS = NO;
				CLANG_ANALYZER_NONNULL = YES;
				CLANG_ANALYZER_NUMBER_OBJECT_CONVERSION = YES_AGGRESSIVE;
				CLANG_CXX_LANGUAGE_STANDARD = "gnu++20";
				CLANG_ENABLE_MODULES = YES;
				CLANG_ENABLE_OBJC_ARC = YES;
				CLANG_ENABLE_OBJC_WEAK = YES;
				CLANG_WARN_BLOCK_CAPTURE_AUTORELEASING = YES;
				CLANG_WARN_BOOL_CONVERSION = YES;
				CLANG_WARN_COMMA = YES;
				CLANG_WARN_CONSTANT_CONVERSION = YES;
				CLANG_WARN_DEPRECATED_OBJC_IMPLEMENTATIONS = YES;
				CLANG_WARN_DIRECT_OBJC_ISA_USAGE = YES_ERROR;
				CLANG_WARN_DOCUMENTATION_COMMENTS = YES;
				CLANG_WARN_EMPTY_BODY = YES;
				CLANG_WARN_ENUM_CONVERSION = YES;
				CLANG_WARN_INFINITE_RECURSION = YES;
				CLANG_WARN_INT_CONVERSION = YES;
				CLANG_WARN_NON_LITERAL_NULL_CONVERSION = YES;
				CLANG_WARN_OBJC_IMPLICIT_RETAIN_SELF = YES;
				CLANG_WARN_OBJC_LITERAL_CONVERSION = YES;
				CLANG_WARN_OBJC_ROOT_CLASS = YES_ERROR;
				CLANG_WARN_QUOTED_INCLUDE_IN_FRAMEWORK_HEADER = YES;
				CLANG_WARN_RANGE_LOOP_ANALYSIS = YES;
				CLANG_WARN_STRICT_PROTOTYPES = YES;
				CLANG_WARN_SUSPICIOUS_MOVE = YES;
				CLANG_WARN_UNGUARDED_AVAILABILITY = YES_AGGRESSIVE;
				CLANG_WARN_UNREACHABLE_CODE = YES;
				CLANG_WARN__DUPLICATE_METHOD_MATCH = YES;
				COPY_PHASE_STRIP = NO;
				DEBUG_INFORMATION_FORMAT = "dwarf-with-dsym";
				ENABLE_NS_ASSERTIONS = NO;
				ENABLE_STRICT_OBJC_MSGSEND = YES;
				GCC_C_LANGUAGE_STANDARD = gnu11;
				GCC_NO_COMMON_BLOCKS = YES;
				GCC_WARN_64_TO_32_BIT_CONVERSION = YES;
				GCC_WARN_ABOUT_RETURN_TYPE = YES_ERROR;
				GCC_WARN_UNDECLARED_SELECTOR = YES;
				GCC_WARN_UNINITIALIZED_AUTOS = YES_AGGRESSIVE;
				GCC_WARN_UNUSED_FUNCTION = YES;
				GCC_WARN_UNUSED_VARIABLE = YES;
				IPHONEOS_DEPLOYMENT_TARGET = 16.0;
				MTL_ENABLE_DEBUG_INFO = NO;
				MTL_FAST_MATH = YES;
				SDKROOT = iphoneos;
				SWIFT_COMPILATION_MODE = wholemodule;
				SWIFT_OPTIMIZATION_LEVEL = "-O";
				VALIDATE_PRODUCT = YES;
			};
			name = Release;
		};
		3840725E28FDD4040062EFDB /* Debug */ = {
			isa = XCBuildConfiguration;
			buildSettings = {
				ASSETCATALOG_COMPILER_APPICON_NAME = AppIcon;
				ASSETCATALOG_COMPILER_GLOBAL_ACCENT_COLOR_NAME = AccentColor;
				CODE_SIGN_STYLE = Automatic;
				CURRENT_PROJECT_VERSION = 1;
				GENERATE_INFOPLIST_FILE = YES;
				INFOPLIST_FILE = appProyecto/Info.plist;
				INFOPLIST_KEY_UIApplicationSupportsIndirectInputEvents = YES;
				INFOPLIST_KEY_UILaunchStoryboardName = LaunchScreen;
				INFOPLIST_KEY_UIMainStoryboardFile = Main;
				INFOPLIST_KEY_UISupportedInterfaceOrientations_iPad = "UIInterfaceOrientationPortrait UIInterfaceOrientationPortraitUpsideDown UIInterfaceOrientationLandscapeLeft UIInterfaceOrientationLandscapeRight";
				INFOPLIST_KEY_UISupportedInterfaceOrientations_iPhone = "UIInterfaceOrientationPortrait UIInterfaceOrientationLandscapeLeft UIInterfaceOrientationLandscapeRight";
				LD_RUNPATH_SEARCH_PATHS = (
					"$(inherited)",
					"@executable_path/Frameworks",
				);
				MARKETING_VERSION = 1.0;
				PRODUCT_BUNDLE_IDENTIFIER = Itesm.appProyecto;
				PRODUCT_NAME = "$(TARGET_NAME)";
				SWIFT_EMIT_LOC_STRINGS = YES;
				SWIFT_VERSION = 5.0;
				TARGETED_DEVICE_FAMILY = "1,2";
			};
			name = Debug;
		};
		3840725F28FDD4040062EFDB /* Release */ = {
			isa = XCBuildConfiguration;
			buildSettings = {
				ASSETCATALOG_COMPILER_APPICON_NAME = AppIcon;
				ASSETCATALOG_COMPILER_GLOBAL_ACCENT_COLOR_NAME = AccentColor;
				CODE_SIGN_STYLE = Automatic;
				CURRENT_PROJECT_VERSION = 1;
				GENERATE_INFOPLIST_FILE = YES;
				INFOPLIST_FILE = appProyecto/Info.plist;
				INFOPLIST_KEY_UIApplicationSupportsIndirectInputEvents = YES;
				INFOPLIST_KEY_UILaunchStoryboardName = LaunchScreen;
				INFOPLIST_KEY_UIMainStoryboardFile = Main;
				INFOPLIST_KEY_UISupportedInterfaceOrientations_iPad = "UIInterfaceOrientationPortrait UIInterfaceOrientationPortraitUpsideDown UIInterfaceOrientationLandscapeLeft UIInterfaceOrientationLandscapeRight";
				INFOPLIST_KEY_UISupportedInterfaceOrientations_iPhone = "UIInterfaceOrientationPortrait UIInterfaceOrientationLandscapeLeft UIInterfaceOrientationLandscapeRight";
				LD_RUNPATH_SEARCH_PATHS = (
					"$(inherited)",
					"@executable_path/Frameworks",
				);
				MARKETING_VERSION = 1.0;
				PRODUCT_BUNDLE_IDENTIFIER = Itesm.appProyecto;
				PRODUCT_NAME = "$(TARGET_NAME)";
				SWIFT_EMIT_LOC_STRINGS = YES;
				SWIFT_VERSION = 5.0;
				TARGETED_DEVICE_FAMILY = "1,2";
			};
			name = Release;
		};
/* End XCBuildConfiguration section */

/* Begin XCConfigurationList section */
		3840724428FDD4020062EFDB /* Build configuration list for PBXProject "appProyecto" */ = {
			isa = XCConfigurationList;
			buildConfigurations = (
				3840725B28FDD4040062EFDB /* Debug */,
				3840725C28FDD4040062EFDB /* Release */,
			);
			defaultConfigurationIsVisible = 0;
			defaultConfigurationName = Release;
		};
		3840725D28FDD4040062EFDB /* Build configuration list for PBXNativeTarget "appProyecto" */ = {
			isa = XCConfigurationList;
			buildConfigurations = (
				3840725E28FDD4040062EFDB /* Debug */,
				3840725F28FDD4040062EFDB /* Release */,
			);
			defaultConfigurationIsVisible = 0;
			defaultConfigurationName = Release;
		};
/* End XCConfigurationList section */
	};
	rootObject = 3840724128FDD4020062EFDB /* Project object */;
}
